{
  "name": "npm-protect",
  "version": "0.1.0",
  "lockfileVersion": 3,
  "requires": true,
  "packages": {
    "": {
      "name": "npm-protect",
      "version": "0.1.0",
      "license": "MIT",
      "bin": {
        "npm-protect": "bin/npm-protect.js",
        "npm-scan": "bin/npm-scan.js"
      },
      "engines": {
        "node": ">=22.0.0"
      }
    }
  }
}
