{
  "name": "warn-project",
  "version": "1.0.0",
  "lockfileVersion": 3,
  "requires": true,
  "packages": {
    "": {
      "name": "warn-project",
      "version": "1.0.0",
      "dependencies": {
        "expres": "1.0.0",
        "git-only": "git+https://example.com/git-only.git"
      }
    },
    "node_modules/expres": {
      "version": "1.0.0",
      "resolved": "https://registry.npmjs.org/expres/-/expres-1.0.0.tgz",
      "integrity": "sha512-expres"
    },
    "node_modules/git-only": {
      "version": "1.2.3",
      "resolved": "git+https://example.com/git-only.git"
    }
  }
}
