{
  "name": "block-project",
  "version": "1.0.0",
  "lockfileVersion": 3,
  "requires": true,
  "packages": {
    "": {
      "name": "block-project",
      "version": "1.0.0",
      "dependencies": {
        "esbuild": "0.25.0"
      }
    },
    "node_modules/esbuild": {
      "version": "0.25.0",
      "resolved": "https://registry.npmjs.org/esbuild/-/esbuild-0.25.0.tgz",
      "integrity": "sha512-esbuild",
      "hasInstallScript": true
    }
  }
}
